// !$*UTF8*$!
{
	archiveVersion = 1;
	classes = {
	};
	objectVersion = 46;
	objects = {

/* Begin PBXBuildFile section */
		BACE82811A379FC300FBDE10 /* AppDelegate.swift in Sources */ = {isa = PBXBuildFile; fileRef = BACE82801A379FC300FBDE10 /* AppDelegate.swift */; };
		BACE82851A379FC300FBDE10 /* GameScene.swift in Sources */ = {isa = PBXBuildFile; fileRef = BACE82841A379FC300FBDE10 /* GameScene.swift */; };
		BACE82871A379FC300FBDE10 /* GameViewController.swift in Sources */ = {isa = PBXBuildFile; fileRef = BACE82861A379FC300FBDE10 /* GameViewController.swift */; };
		BACE828A1A379FC300FBDE10 /* Main.storyboard in Resources */ = {isa = PBXBuildFile; fileRef = BACE82881A379FC300FBDE10 /* Main.storyboard */; };
		BACE828C1A379FC300FBDE10 /* Images.xcassets in Resources */ = {isa = PBXBuildFile; fileRef = BACE828B1A379FC300FBDE10 /* Images.xcassets */; };
		BACE828F1A379FC300FBDE10 /* LaunchScreen.xib in Resources */ = {isa = PBXBuildFile; fileRef = BACE828D1A379FC300FBDE10 /* LaunchScreen.xib */; };
		BACE829B1A379FC300FBDE10 /* SmocksTests.swift in Sources */ = {isa = PBXBuildFile; fileRef = BACE829A1A379FC300FBDE10 /* SmocksTests.swift */; };
		BACE82AA1A37A0E700FBDE10 /* bomb.mp3 in Resources */ = {isa = PBXBuildFile; fileRef = BACE82A51A37A0E700FBDE10 /* bomb.mp3 */; };
		BACE82AB1A37A0E700FBDE10 /* drop.mp3 in Resources */ = {isa = PBXBuildFile; fileRef = BACE82A61A37A0E700FBDE10 /* drop.mp3 */; };
		BACE82AC1A37A0E700FBDE10 /* gameover.mp3 in Resources */ = {isa = PBXBuildFile; fileRef = BACE82A71A37A0E700FBDE10 /* gameover.mp3 */; };
		BACE82AD1A37A0E700FBDE10 /* levelup.mp3 in Resources */ = {isa = PBXBuildFile; fileRef = BACE82A81A37A0E700FBDE10 /* levelup.mp3 */; };
		BACE82AE1A37A0E700FBDE10 /* theme.mp3 in Resources */ = {isa = PBXBuildFile; fileRef = BACE82A91A37A0E700FBDE10 /* theme.mp3 */; };
		BACE82B01A37A0F100FBDE10 /* Sprites.atlas in Resources */ = {isa = PBXBuildFile; fileRef = BACE82AF1A37A0F100FBDE10 /* Sprites.atlas */; };
		BACE82B81A37A13B00FBDE10 /* background.png in Resources */ = {isa = PBXBuildFile; fileRef = BACE82B21A37A13B00FBDE10 /* background.png */; };
		BACE82B91A37A13B00FBDE10 /* background@2x.png in Resources */ = {isa = PBXBuildFile; fileRef = BACE82B31A37A13B00FBDE10 /* background@2x.png */; };
		BACE82BA1A37A13B00FBDE10 /* gameboard.png in Resources */ = {isa = PBXBuildFile; fileRef = BACE82B41A37A13B00FBDE10 /* gameboard.png */; };
		BACE82BB1A37A13B00FBDE10 /* gameboard@2x.png in Resources */ = {isa = PBXBuildFile; fileRef = BACE82B51A37A13B00FBDE10 /* gameboard@2x.png */; };
		BACE82BC1A37A13B00FBDE10 /* whitebg.png in Resources */ = {isa = PBXBuildFile; fileRef = BACE82B61A37A13B00FBDE10 /* whitebg.png */; };
		BACE82BD1A37A13B00FBDE10 /* whitebg@2x.png in Resources */ = {isa = PBXBuildFile; fileRef = BACE82B71A37A13B00FBDE10 /* whitebg@2x.png */; };
		BACE82BF1A37A42000FBDE10 /* Array2D.swift in Sources */ = {isa = PBXBuildFile; fileRef = BACE82BE1A37A42000FBDE10 /* Array2D.swift */; };
		BACE82C11A37AC3200FBDE10 /* Block.swift in Sources */ = {isa = PBXBuildFile; fileRef = BACE82C01A37AC3200FBDE10 /* Block.swift */; };
		BACE82C31A37B58200FBDE10 /* Shape.swift in Sources */ = {isa = PBXBuildFile; fileRef = BACE82C21A37B58200FBDE10 /* Shape.swift */; };
		BACE82C51A37D05600FBDE10 /* SquareShape.swift in Sources */ = {isa = PBXBuildFile; fileRef = BACE82C41A37D05600FBDE10 /* SquareShape.swift */; };
		BACE82C71A37D30300FBDE10 /* LineShape.swift in Sources */ = {isa = PBXBuildFile; fileRef = BACE82C61A37D30300FBDE10 /* LineShape.swift */; };
		BACE82C91A37D49200FBDE10 /* LShape.swift in Sources */ = {isa = PBXBuildFile; fileRef = BACE82C81A37D49200FBDE10 /* LShape.swift */; };
		BACE82CB1A38D1B400FBDE10 /* Swiftris.swift in Sources */ = {isa = PBXBuildFile; fileRef = BACE82CA1A38D1B400FBDE10 /* Swiftris.swift */; };
		BACE82CD1A39301500FBDE10 /* background_new.png in Resources */ = {isa = PBXBuildFile; fileRef = BACE82CC1A39301500FBDE10 /* background_new.png */; };
		BACE82CF1A39327A00FBDE10 /* JShape.swift in Sources */ = {isa = PBXBuildFile; fileRef = BACE82CE1A39327A00FBDE10 /* JShape.swift */; };
		BACE82D11A3932B100FBDE10 /* ZShape.swift in Sources */ = {isa = PBXBuildFile; fileRef = BACE82D01A3932B100FBDE10 /* ZShape.swift */; };
		BACE82D31A3932BF00FBDE10 /* TShape.swift in Sources */ = {isa = PBXBuildFile; fileRef = BACE82D21A3932BF00FBDE10 /* TShape.swift */; };
		BACE82D51A3932D100FBDE10 /* SShape.swift in Sources */ = {isa = PBXBuildFile; fileRef = BACE82D41A3932D100FBDE10 /* SShape.swift */; };
/* End PBXBuildFile section */

/* Begin PBXContainerItemProxy section */
		BACE82951A379FC300FBDE10 /* PBXContainerItemProxy */ = {
			isa = PBXContainerItemProxy;
			containerPortal = BACE82731A379FC300FBDE10 /* Project object */;
			proxyType = 1;
			remoteGlobalIDString = BACE827A1A379FC300FBDE10;
			remoteInfo = Smocks;
		};
/* End PBXContainerItemProxy section */

/* Begin PBXFileReference section */
		BACE827B1A379FC300FBDE10 /* Smocks.app */ = {isa = PBXFileReference; explicitFileType = wrapper.application; includeInIndex = 0; path = Smocks.app; sourceTree = BUILT_PRODUCTS_DIR; };
		BACE827F1A379FC300FBDE10 /* Info.plist */ = {isa = PBXFileReference; lastKnownFileType = text.plist.xml; path = Info.plist; sourceTree = "<group>"; };
		BACE82801A379FC300FBDE10 /* AppDelegate.swift */ = {isa = PBXFileReference; lastKnownFileType = sourcecode.swift; path = AppDelegate.swift; sourceTree = "<group>"; };
		BACE82841A379FC300FBDE10 /* GameScene.swift */ = {isa = PBXFileReference; lastKnownFileType = sourcecode.swift; path = GameScene.swift; sourceTree = "<group>"; };
		BACE82861A379FC300FBDE10 /* GameViewController.swift */ = {isa = PBXFileReference; lastKnownFileType = sourcecode.swift; path = GameViewController.swift; sourceTree = "<group>"; };
		BACE82891A379FC300FBDE10 /* Base */ = {isa = PBXFileReference; lastKnownFileType = file.storyboard; name = Base; path = Base.lproj/Main.storyboard; sourceTree = "<group>"; };
		BACE828B1A379FC300FBDE10 /* Images.xcassets */ = {isa = PBXFileReference; lastKnownFileType = folder.assetcatalog; path = Images.xcassets; sourceTree = "<group>"; };
		BACE828E1A379FC300FBDE10 /* Base */ = {isa = PBXFileReference; lastKnownFileType = file.xib; name = Base; path = Base.lproj/LaunchScreen.xib; sourceTree = "<group>"; };
		BACE82941A379FC300FBDE10 /* SmocksTests.xctest */ = {isa = PBXFileReference; explicitFileType = wrapper.cfbundle; includeInIndex = 0; path = SmocksTests.xctest; sourceTree = BUILT_PRODUCTS_DIR; };
		BACE82991A379FC300FBDE10 /* Info.plist */ = {isa = PBXFileReference; lastKnownFileType = text.plist.xml; path = Info.plist; sourceTree = "<group>"; };
		BACE829A1A379FC300FBDE10 /* SmocksTests.swift */ = {isa = PBXFileReference; lastKnownFileType = sourcecode.swift; path = SmocksTests.swift; sourceTree = "<group>"; };
		BACE82A51A37A0E700FBDE10 /* bomb.mp3 */ = {isa = PBXFileReference; lastKnownFileType = audio.mp3; path = bomb.mp3; sourceTree = "<group>"; };
		BACE82A61A37A0E700FBDE10 /* drop.mp3 */ = {isa = PBXFileReference; lastKnownFileType = audio.mp3; path = drop.mp3; sourceTree = "<group>"; };
		BACE82A71A37A0E700FBDE10 /* gameover.mp3 */ = {isa = PBXFileReference; lastKnownFileType = audio.mp3; path = gameover.mp3; sourceTree = "<group>"; };
		BACE82A81A37A0E700FBDE10 /* levelup.mp3 */ = {isa = PBXFileReference; lastKnownFileType = audio.mp3; path = levelup.mp3; sourceTree = "<group>"; };
		BACE82A91A37A0E700FBDE10 /* theme.mp3 */ = {isa = PBXFileReference; lastKnownFileType = audio.mp3; path = theme.mp3; sourceTree = "<group>"; };
		BACE82AF1A37A0F100FBDE10 /* Sprites.atlas */ = {isa = PBXFileReference; lastKnownFileType = folder.skatlas; path = Sprites.atlas; sourceTree = "<group>"; };
		BACE82B21A37A13B00FBDE10 /* background.png */ = {isa = PBXFileReference; lastKnownFileType = image.png; path = background.png; sourceTree = "<group>"; };
		BACE82B31A37A13B00FBDE10 /* background@2x.png */ = {isa = PBXFileReference; lastKnownFileType = image.png; path = "background@2x.png"; sourceTree = "<group>"; };
		BACE82B41A37A13B00FBDE10 /* gameboard.png */ = {isa = PBXFileReference; lastKnownFileType = image.png; path = gameboard.png; sourceTree = "<group>"; };
		BACE82B51A37A13B00FBDE10 /* gameboard@2x.png */ = {isa = PBXFileReference; lastKnownFileType = image.png; path = "gameboard@2x.png"; sourceTree = "<group>"; };
		BACE82B61A37A13B00FBDE10 /* whitebg.png */ = {isa = PBXFileReference; lastKnownFileType = image.png; path = whitebg.png; sourceTree = "<group>"; };
		BACE82B71A37A13B00FBDE10 /* whitebg@2x.png */ = {isa = PBXFileReference; lastKnownFileType = image.png; path = "whitebg@2x.png"; sourceTree = "<group>"; };
		BACE82BE1A37A42000FBDE10 /* Array2D.swift */ = {isa = PBXFileReference; fileEncoding = 4; lastKnownFileType = sourcecode.swift; path = Array2D.swift; sourceTree = "<group>"; };
		BACE82C01A37AC3200FBDE10 /* Block.swift */ = {isa = PBXFileReference; fileEncoding = 4; lastKnownFileType = sourcecode.swift; path = Block.swift; sourceTree = "<group>"; };
		BACE82C21A37B58200FBDE10 /* Shape.swift */ = {isa = PBXFileReference; fileEncoding = 4; lastKnownFileType = sourcecode.swift; path = Shape.swift; sourceTree = "<group>"; };
		BACE82C41A37D05600FBDE10 /* SquareShape.swift */ = {isa = PBXFileReference; fileEncoding = 4; lastKnownFileType = sourcecode.swift; path = SquareShape.swift; sourceTree = "<group>"; };
		BACE82C61A37D30300FBDE10 /* LineShape.swift */ = {isa = PBXFileReference; fileEncoding = 4; lastKnownFileType = sourcecode.swift; path = LineShape.swift; sourceTree = "<group>"; };
		BACE82C81A37D49200FBDE10 /* LShape.swift */ = {isa = PBXFileReference; fileEncoding = 4; lastKnownFileType = sourcecode.swift; path = LShape.swift; sourceTree = "<group>"; };
		BACE82CA1A38D1B400FBDE10 /* Swiftris.swift */ = {isa = PBXFileReference; fileEncoding = 4; lastKnownFileType = sourcecode.swift; path = Swiftris.swift; sourceTree = "<group>"; };
		BACE82CC1A39301500FBDE10 /* background_new.png */ = {isa = PBXFileReference; lastKnownFileType = image.png; path = background_new.png; sourceTree = "<group>"; };
		BACE82CE1A39327A00FBDE10 /* JShape.swift */ = {isa = PBXFileReference; fileEncoding = 4; lastKnownFileType = sourcecode.swift; path = JShape.swift; sourceTree = "<group>"; };
		BACE82D01A3932B100FBDE10 /* ZShape.swift */ = {isa = PBXFileReference; fileEncoding = 4; lastKnownFileType = sourcecode.swift; path = ZShape.swift; sourceTree = "<group>"; };
		BACE82D21A3932BF00FBDE10 /* TShape.swift */ = {isa = PBXFileReference; fileEncoding = 4; lastKnownFileType = sourcecode.swift; path = TShape.swift; sourceTree = "<group>"; };
		BACE82D41A3932D100FBDE10 /* SShape.swift */ = {isa = PBXFileReference; fileEncoding = 4; lastKnownFileType = sourcecode.swift; path = SShape.swift; sourceTree = "<group>"; };
/* End PBXFileReference section */

/* Begin PBXFrameworksBuildPhase section */
		BACE82781A379FC300FBDE10 /* Frameworks */ = {
			isa = PBXFrameworksBuildPhase;
			buildActionMask = 2147483647;
			files = (
			);
			runOnlyForDeploymentPostprocessing = 0;
		};
		BACE82911A379FC300FBDE10 /* Frameworks */ = {
			isa = PBXFrameworksBuildPhase;
			buildActionMask = 2147483647;
			files = (
			);
			runOnlyForDeploymentPostprocessing = 0;
		};
/* End PBXFrameworksBuildPhase section */

/* Begin PBXGroup section */
		BACE82721A379FC300FBDE10 = {
			isa = PBXGroup;
			children = (
				BACE827D1A379FC300FBDE10 /* Smocks */,
				BACE82971A379FC300FBDE10 /* SmocksTests */,
				BACE827C1A379FC300FBDE10 /* Products */,
			);
			sourceTree = "<group>";
		};
		BACE827C1A379FC300FBDE10 /* Products */ = {
			isa = PBXGroup;
			children = (
				BACE827B1A379FC300FBDE10 /* Smocks.app */,
				BACE82941A379FC300FBDE10 /* SmocksTests.xctest */,
			);
			name = Products;
			sourceTree = "<group>";
		};
		BACE827D1A379FC300FBDE10 /* Smocks */ = {
			isa = PBXGroup;
			children = (
				BACE82801A379FC300FBDE10 /* AppDelegate.swift */,
				BACE82841A379FC300FBDE10 /* GameScene.swift */,
				BACE82CE1A39327A00FBDE10 /* JShape.swift */,
				BACE82D01A3932B100FBDE10 /* ZShape.swift */,
				BACE82D21A3932BF00FBDE10 /* TShape.swift */,
				BACE82D41A3932D100FBDE10 /* SShape.swift */,
				BACE82C01A37AC3200FBDE10 /* Block.swift */,
				BACE82C21A37B58200FBDE10 /* Shape.swift */,
				BACE82CA1A38D1B400FBDE10 /* Swiftris.swift */,
				BACE82C41A37D05600FBDE10 /* SquareShape.swift */,
				BACE82C81A37D49200FBDE10 /* LShape.swift */,
				BACE82C61A37D30300FBDE10 /* LineShape.swift */,
				BACE82BE1A37A42000FBDE10 /* Array2D.swift */,
				BACE82861A379FC300FBDE10 /* GameViewController.swift */,
				BACE82881A379FC300FBDE10 /* Main.storyboard */,
				BACE828B1A379FC300FBDE10 /* Images.xcassets */,
				BACE828D1A379FC300FBDE10 /* LaunchScreen.xib */,
				BACE82AF1A37A0F100FBDE10 /* Sprites.atlas */,
				BACE82A41A37A0E700FBDE10 /* Sounds */,
				BACE827E1A379FC300FBDE10 /* Supporting Files */,
			);
			path = Smocks;
			sourceTree = "<group>";
		};
		BACE827E1A379FC300FBDE10 /* Supporting Files */ = {
			isa = PBXGroup;
			children = (
				BACE82B11A37A13B00FBDE10 /* Images */,
				BACE827F1A379FC300FBDE10 /* Info.plist */,
			);
			name = "Supporting Files";
			sourceTree = "<group>";
		};
		BACE82971A379FC300FBDE10 /* SmocksTests */ = {
			isa = PBXGroup;
			children = (
				BACE829A1A379FC300FBDE10 /* SmocksTests.swift */,
				BACE82981A379FC300FBDE10 /* Supporting Files */,
			);
			path = SmocksTests;
			sourceTree = "<group>";
		};
		BACE82981A379FC300FBDE10 /* Supporting Files */ = {
			isa = PBXGroup;
			children = (
				BACE82991A379FC300FBDE10 /* Info.plist */,
			);
			name = "Supporting Files";
			sourceTree = "<group>";
		};
		BACE82A41A37A0E700FBDE10 /* Sounds */ = {
			isa = PBXGroup;
			children = (
				BACE82A51A37A0E700FBDE10 /* bomb.mp3 */,
				BACE82A61A37A0E700FBDE10 /* drop.mp3 */,
				BACE82A71A37A0E700FBDE10 /* gameover.mp3 */,
				BACE82A81A37A0E700FBDE10 /* levelup.mp3 */,
				BACE82A91A37A0E700FBDE10 /* theme.mp3 */,
			);
			path = Sounds;
			sourceTree = "<group>";
		};
		BACE82B11A37A13B00FBDE10 /* Images */ = {
			isa = PBXGroup;
			children = (
				BACE82CC1A39301500FBDE10 /* background_new.png */,
				BACE82B21A37A13B00FBDE10 /* background.png */,
				BACE82B31A37A13B00FBDE10 /* background@2x.png */,
				BACE82B41A37A13B00FBDE10 /* gameboard.png */,
				BACE82B51A37A13B00FBDE10 /* gameboard@2x.png */,
				BACE82B61A37A13B00FBDE10 /* whitebg.png */,
				BACE82B71A37A13B00FBDE10 /* whitebg@2x.png */,
			);
			path = Images;
			sourceTree = "<group>";
		};
/* End PBXGroup section */

/* Begin PBXNativeTarget section */
		BACE827A1A379FC300FBDE10 /* Smocks */ = {
			isa = PBXNativeTarget;
			buildConfigurationList = BACE829E1A379FC300FBDE10 /* Build configuration list for PBXNativeTarget "Smocks" */;
			buildPhases = (
				BACE82771A379FC300FBDE10 /* Sources */,
				BACE82781A379FC300FBDE10 /* Frameworks */,
				BACE82791A379FC300FBDE10 /* Resources */,
			);
			buildRules = (
			);
			dependencies = (
			);
			name = Smocks;
			productName = Smocks;
			productReference = BACE827B1A379FC300FBDE10 /* Smocks.app */;
			productType = "com.apple.product-type.application";
		};
		BACE82931A379FC300FBDE10 /* SmocksTests */ = {
			isa = PBXNativeTarget;
			buildConfigurationList = BACE82A11A379FC300FBDE10 /* Build configuration list for PBXNativeTarget "SmocksTests" */;
			buildPhases = (
				BACE82901A379FC300FBDE10 /* Sources */,
				BACE82911A379FC300FBDE10 /* Frameworks */,
				BACE82921A379FC300FBDE10 /* Resources */,
			);
			buildRules = (
			);
			dependencies = (
				BACE82961A379FC300FBDE10 /* PBXTargetDependency */,
			);
			name = SmocksTests;
			productName = SmocksTests;
			productReference = BACE82941A379FC300FBDE10 /* SmocksTests.xctest */;
			productType = "com.apple.product-type.bundle.unit-test";
		};
/* End PBXNativeTarget section */

/* Begin PBXProject section */
		BACE82731A379FC300FBDE10 /* Project object */ = {
			isa = PBXProject;
			attributes = {
				LastUpgradeCheck = 0610;
				ORGANIZATIONNAME = geemoo;
				TargetAttributes = {
					BACE827A1A379FC300FBDE10 = {
						CreatedOnToolsVersion = 6.1.1;
						DevelopmentTeam = YYTZJ7C74S;
					};
					BACE82931A379FC300FBDE10 = {
						CreatedOnToolsVersion = 6.1.1;
						TestTargetID = BACE827A1A379FC300FBDE10;
					};
				};
			};
			buildConfigurationList = BACE82761A379FC300FBDE10 /* Build configuration list for PBXProject "Smocks" */;
			compatibilityVersion = "Xcode 3.2";
			developmentRegion = English;
			hasScannedForEncodings = 0;
			knownRegions = (
				en,
				Base,
			);
			mainGroup = BACE82721A379FC300FBDE10;
			productRefGroup = BACE827C1A379FC300FBDE10 /* Products */;
			projectDirPath = "";
			projectRoot = "";
			targets = (
				BACE827A1A379FC300FBDE10 /* Smocks */,
				BACE82931A379FC300FBDE10 /* SmocksTests */,
			);
		};
/* End PBXProject section */

/* Begin PBXResourcesBuildPhase section */
		BACE82791A379FC300FBDE10 /* Resources */ = {
			isa = PBXResourcesBuildPhase;
			buildActionMask = 2147483647;
			files = (
				BACE828F1A379FC300FBDE10 /* LaunchScreen.xib in Resources */,
				BACE82B91A37A13B00FBDE10 /* background@2x.png in Resources */,
				BACE82BC1A37A13B00FBDE10 /* whitebg.png in Resources */,
				BACE82BB1A37A13B00FBDE10 /* gameboard@2x.png in Resources */,
				BACE82BA1A37A13B00FBDE10 /* gameboard.png in Resources */,
				BACE82B81A37A13B00FBDE10 /* background.png in Resources */,
				BACE82AB1A37A0E700FBDE10 /* drop.mp3 in Resources */,
				BACE82BD1A37A13B00FBDE10 /* whitebg@2x.png in Resources */,
				BACE82AE1A37A0E700FBDE10 /* theme.mp3 in Resources */,
				BACE82AC1A37A0E700FBDE10 /* gameover.mp3 in Resources */,
				BACE828C1A379FC300FBDE10 /* Images.xcassets in Resources */,
				BACE82AD1A37A0E700FBDE10 /* levelup.mp3 in Resources */,
				BACE82B01A37A0F100FBDE10 /* Sprites.atlas in Resources */,
				BACE82AA1A37A0E700FBDE10 /* bomb.mp3 in Resources */,
				BACE82CD1A39301500FBDE10 /* background_new.png in Resources */,
				BACE828A1A379FC300FBDE10 /* Main.storyboard in Resources */,
			);
			runOnlyForDeploymentPostprocessing = 0;
		};
		BACE82921A379FC300FBDE10 /* Resources */ = {
			isa = PBXResourcesBuildPhase;
			buildActionMask = 2147483647;
			files = (
			);
			runOnlyForDeploymentPostprocessing = 0;
		};
/* End PBXResourcesBuildPhase section */

/* Begin PBXSourcesBuildPhase section */
		BACE82771A379FC300FBDE10 /* Sources */ = {
			isa = PBXSourcesBuildPhase;
			buildActionMask = 2147483647;
			files = (
				BACE82C51A37D05600FBDE10 /* SquareShape.swift in Sources */,
				BACE82851A379FC300FBDE10 /* GameScene.swift in Sources */,
				BACE82CB1A38D1B400FBDE10 /* Swiftris.swift in Sources */,
				BACE82CF1A39327A00FBDE10 /* JShape.swift in Sources */,
				BACE82C31A37B58200FBDE10 /* Shape.swift in Sources */,
				BACE82C71A37D30300FBDE10 /* LineShape.swift in Sources */,
				BACE82D11A3932B100FBDE10 /* ZShape.swift in Sources */,
				BACE82BF1A37A42000FBDE10 /* Array2D.swift in Sources */,
				BACE82C91A37D49200FBDE10 /* LShape.swift in Sources */,
				BACE82D51A3932D100FBDE10 /* SShape.swift in Sources */,
				BACE82C11A37AC3200FBDE10 /* Block.swift in Sources */,
				BACE82D31A3932BF00FBDE10 /* TShape.swift in Sources */,
				BACE82871A379FC300FBDE10 /* GameViewController.swift in Sources */,
				BACE82811A379FC300FBDE10 /* AppDelegate.swift in Sources */,
			);
			runOnlyForDeploymentPostprocessing = 0;
		};
		BACE82901A379FC300FBDE10 /* Sources */ = {
			isa = PBXSourcesBuildPhase;
			buildActionMask = 2147483647;
			files = (
				BACE829B1A379FC300FBDE10 /* SmocksTests.swift in Sources */,
			);
			runOnlyForDeploymentPostprocessing = 0;
		};
/* End PBXSourcesBuildPhase section */

/* Begin PBXTargetDependency section */
		BACE82961A379FC300FBDE10 /* PBXTargetDependency */ = {
			isa = PBXTargetDependency;
			target = BACE827A1A379FC300FBDE10 /* Smocks */;
			targetProxy = BACE82951A379FC300FBDE10 /* PBXContainerItemProxy */;
		};
/* End PBXTargetDependency section */

/* Begin PBXVariantGroup section */
		BACE82881A379FC300FBDE10 /* Main.storyboard */ = {
			isa = PBXVariantGroup;
			children = (
				BACE82891A379FC300FBDE10 /* Base */,
			);
			name = Main.storyboard;
			sourceTree = "<group>";
		};
		BACE828D1A379FC300FBDE10 /* LaunchScreen.xib */ = {
			isa = PBXVariantGroup;
			children = (
				BACE828E1A379FC300FBDE10 /* Base */,
			);
			name = LaunchScreen.xib;
			sourceTree = "<group>";
		};
/* End PBXVariantGroup section */

/* Begin XCBuildConfiguration section */
		BACE829C1A379FC300FBDE10 /* Debug */ = {
			isa = XCBuildConfiguration;
			buildSettings = {
				ALWAYS_SEARCH_USER_PATHS = NO;
				CLANG_CXX_LANGUAGE_STANDARD = "gnu++0x";
				CLANG_CXX_LIBRARY = "libc++";
				CLANG_ENABLE_MODULES = YES;
				CLANG_ENABLE_OBJC_ARC = YES;
				CLANG_WARN_BOOL_CONVERSION = YES;
				CLANG_WARN_CONSTANT_CONVERSION = YES;
				CLANG_WARN_DIRECT_OBJC_ISA_USAGE = YES_ERROR;
				CLANG_WARN_EMPTY_BODY = YES;
				CLANG_WARN_ENUM_CONVERSION = YES;
				CLANG_WARN_INT_CONVERSION = YES;
				CLANG_WARN_OBJC_ROOT_CLASS = YES_ERROR;
				CLANG_WARN_UNREACHABLE_CODE = YES;
				CLANG_WARN__DUPLICATE_METHOD_MATCH = YES;
				CODE_SIGN_IDENTITY = "iPhone Developer: Guy Morita (QZZNHR78ZK)";
				"CODE_SIGN_IDENTITY[sdk=iphoneos*]" = "iPhone Developer: Guy Morita (QZZNHR78ZK)";
				COPY_PHASE_STRIP = NO;
				ENABLE_STRICT_OBJC_MSGSEND = YES;
				GCC_C_LANGUAGE_STANDARD = gnu99;
				GCC_DYNAMIC_NO_PIC = NO;
				GCC_OPTIMIZATION_LEVEL = 0;
				GCC_PREPROCESSOR_DEFINITIONS = (
					"DEBUG=1",
					"$(inherited)",
				);
				GCC_SYMBOLS_PRIVATE_EXTERN = NO;
				GCC_WARN_64_TO_32_BIT_CONVERSION = YES;
				GCC_WARN_ABOUT_RETURN_TYPE = YES_ERROR;
				GCC_WARN_UNDECLARED_SELECTOR = YES;
				GCC_WARN_UNINITIALIZED_AUTOS = YES_AGGRESSIVE;
				GCC_WARN_UNUSED_FUNCTION = YES;
				GCC_WARN_UNUSED_VARIABLE = YES;
				IPHONEOS_DEPLOYMENT_TARGET = 8.1;
				MTL_ENABLE_DEBUG_INFO = YES;
				ONLY_ACTIVE_ARCH = YES;
				SDKROOT = iphoneos;
				SWIFT_OPTIMIZATION_LEVEL = "-Onone";
			};
			name = Debug;
		};
		BACE829D1A379FC300FBDE10 /* Release */ = {
			isa = XCBuildConfiguration;
			buildSettings = {
				ALWAYS_SEARCH_USER_PATHS = NO;
				CLANG_CXX_LANGUAGE_STANDARD = "gnu++0x";
				CLANG_CXX_LIBRARY = "libc++";
				CLANG_ENABLE_MODULES = YES;
				CLANG_ENABLE_OBJC_ARC = YES;
				CLANG_WARN_BOOL_CONVERSION = YES;
				CLANG_WARN_CONSTANT_CONVERSION = YES;
				CLANG_WARN_DIRECT_OBJC_ISA_USAGE = YES_ERROR;
				CLANG_WARN_EMPTY_BODY = YES;
				CLANG_WARN_ENUM_CONVERSION = YES;
				CLANG_WARN_INT_CONVERSION = YES;
				CLANG_WARN_OBJC_ROOT_CLASS = YES_ERROR;
				CLANG_WARN_UNREACHABLE_CODE = YES;
				CLANG_WARN__DUPLICATE_METHOD_MATCH = YES;
				CODE_SIGN_IDENTITY = "iPhone Developer: Guy Morita (QZZNHR78ZK)";
				"CODE_SIGN_IDENTITY[sdk=iphoneos*]" = "iPhone Developer: Guy Morita (QZZNHR78ZK)";
				COPY_PHASE_STRIP = YES;
				ENABLE_NS_ASSERTIONS = NO;
				ENABLE_STRICT_OBJC_MSGSEND = YES;
				GCC_C_LANGUAGE_STANDARD = gnu99;
				GCC_WARN_64_TO_32_BIT_CONVERSION = YES;
				GCC_WARN_ABOUT_RETURN_TYPE = YES_ERROR;
				GCC_WARN_UNDECLARED_SELECTOR = YES;
				GCC_WARN_UNINITIALIZED_AUTOS = YES_AGGRESSIVE;
				GCC_WARN_UNUSED_FUNCTION = YES;
				GCC_WARN_UNUSED_VARIABLE = YES;
				IPHONEOS_DEPLOYMENT_TARGET = 8.1;
				MTL_ENABLE_DEBUG_INFO = NO;
				SDKROOT = iphoneos;
				VALIDATE_PRODUCT = YES;
			};
			name = Release;
		};
		BACE829F1A379FC300FBDE10 /* Debug */ = {
			isa = XCBuildConfiguration;
			buildSettings = {
				ASSETCATALOG_COMPILER_APPICON_NAME = AppIcon;
				CODE_SIGN_IDENTITY = "iPhone Developer";
				"CODE_SIGN_IDENTITY[sdk=iphoneos*]" = "iPhone Developer";
				INFOPLIST_FILE = Smocks/Info.plist;
				LD_RUNPATH_SEARCH_PATHS = "$(inherited) @executable_path/Frameworks";
				PRODUCT_NAME = "$(TARGET_NAME)";
				PROVISIONING_PROFILE = "";
				TARGETED_DEVICE_FAMILY = 1;
			};
			name = Debug;
		};
		BACE82A01A379FC300FBDE10 /* Release */ = {
			isa = XCBuildConfiguration;
			buildSettings = {
				ASSETCATALOG_COMPILER_APPICON_NAME = AppIcon;
				CODE_SIGN_IDENTITY = "iPhone Developer";
				"CODE_SIGN_IDENTITY[sdk=iphoneos*]" = "iPhone Developer";
				INFOPLIST_FILE = Smocks/Info.plist;
				LD_RUNPATH_SEARCH_PATHS = "$(inherited) @executable_path/Frameworks";
				PRODUCT_NAME = "$(TARGET_NAME)";
				PROVISIONING_PROFILE = "";
				TARGETED_DEVICE_FAMILY = 1;
			};
			name = Release;
		};
		BACE82A21A379FC300FBDE10 /* Debug */ = {
			isa = XCBuildConfiguration;
			buildSettings = {
				BUNDLE_LOADER = "$(TEST_HOST)";
				FRAMEWORK_SEARCH_PATHS = (
					"$(SDKROOT)/Developer/Library/Frameworks",
					"$(inherited)",
				);
				GCC_PREPROCESSOR_DEFINITIONS = (
					"DEBUG=1",
					"$(inherited)",
				);
				INFOPLIST_FILE = SmocksTests/Info.plist;
				LD_RUNPATH_SEARCH_PATHS = "$(inherited) @executable_path/Frameworks @loader_path/Frameworks";
				PRODUCT_NAME = "$(TARGET_NAME)";
				TEST_HOST = "$(BUILT_PRODUCTS_DIR)/Smocks.app/Smocks";
			};
			name = Debug;
		};
		BACE82A31A379FC300FBDE10 /* Release */ = {
			isa = XCBuildConfiguration;
			buildSettings = {
				BUNDLE_LOADER = "$(TEST_HOST)";
				FRAMEWORK_SEARCH_PATHS = (
					"$(SDKROOT)/Developer/Library/Frameworks",
					"$(inherited)",
				);
				INFOPLIST_FILE = SmocksTests/Info.plist;
				LD_RUNPATH_SEARCH_PATHS = "$(inherited) @executable_path/Frameworks @loader_path/Frameworks";
				PRODUCT_NAME = "$(TARGET_NAME)";
				TEST_HOST = "$(BUILT_PRODUCTS_DIR)/Smocks.app/Smocks";
			};
			name = Release;
		};
/* End XCBuildConfiguration section */

/* Begin XCConfigurationList section */
		BACE82761A379FC300FBDE10 /* Build configuration list for PBXProject "Smocks" */ = {
			isa = XCConfigurationList;
			buildConfigurations = (
				BACE829C1A379FC300FBDE10 /* Debug */,
				BACE829D1A379FC300FBDE10 /* Release */,
			);
			defaultConfigurationIsVisible = 0;
			defaultConfigurationName = Release;
		};
		BACE829E1A379FC300FBDE10 /* Build configuration list for PBXNativeTarget "Smocks" */ = {
			isa = XCConfigurationList;
			buildConfigurations = (
				BACE829F1A379FC300FBDE10 /* Debug */,
				BACE82A01A379FC300FBDE10 /* Release */,
			);
			defaultConfigurationIsVisible = 0;
		};
		BACE82A11A379FC300FBDE10 /* Build configuration list for PBXNativeTarget "SmocksTests" */ = {
			isa = XCConfigurationList;
			buildConfigurations = (
				BACE82A21A379FC300FBDE10 /* Debug */,
				BACE82A31A379FC300FBDE10 /* Release */,
			);
			defaultConfigurationIsVisible = 0;
		};
/* End XCConfigurationList section */
	};
	rootObject = BACE82731A379FC300FBDE10 /* Project object */;
}
